
Microsoft Visual Studio Solution File, Format Version 12.00
# Visual Studio Version 17
VisualStudioVersion = 17.8.34511.84
MinimumVisualStudioVersion = 10.0.40219.1
Project("{9A19103F-16F7-4668-BE54-9A1E7A4F7556}") = "GenTimeSheet", "GenTimeSheet\GenTimeSheet.csproj", "{6F8351F4-39C4-4E58-B850-C095F6ACA3A6}"
EndProject
Project("{9A19103F-16F7-4668-BE54-9A1E7A4F7556}") = "GenTimeSheet.Desktop", "GenTimeSheet.Desktop\GenTimeSheet.Desktop.csproj", "{F0B19154-6404-4643-92AA-9B716953FFEF}"
EndProject
Project("{FAE04EC0-301F-11D3-BF4B-00C04F79EFBC}") = "Tests", "Tests\Tests.csproj", "{11025137-3844-4783-992B-D1A1772EB2D7}"
EndProject
Global
	GlobalSection(SolutionConfigurationPlatforms) = preSolution
		Debug|Any CPU = Debug|Any CPU
		Release|Any CPU = Release|Any CPU
	EndGlobalSection
	GlobalSection(ProjectConfigurationPlatforms) = postSolution
		{6F8351F4-39C4-4E58-B850-C095F6ACA3A6}.Debug|Any CPU.ActiveCfg = Debug|Any CPU
		{6F8351F4-39C4-4E58-B850-C095F6ACA3A6}.Debug|Any CPU.Build.0 = Debug|Any CPU
		{6F8351F4-39C4-4E58-B850-C095F6ACA3A6}.Release|Any CPU.ActiveCfg = Release|Any CPU
		{6F8351F4-39C4-4E58-B850-C095F6ACA3A6}.Release|Any CPU.Build.0 = Release|Any CPU
		{F0B19154-6404-4643-92AA-9B716953FFEF}.Debug|Any CPU.ActiveCfg = Debug|Any CPU
		{F0B19154-6404-4643-92AA-9B716953FFEF}.Debug|Any CPU.Build.0 = Debug|Any CPU
		{F0B19154-6404-4643-92AA-9B716953FFEF}.Release|Any CPU.ActiveCfg = Release|Any CPU
		{F0B19154-6404-4643-92AA-9B716953FFEF}.Release|Any CPU.Build.0 = Release|Any CPU
		{11025137-3844-4783-992B-D1A1772EB2D7}.Debug|Any CPU.ActiveCfg = Debug|Any CPU
		{11025137-3844-4783-992B-D1A1772EB2D7}.Debug|Any CPU.Build.0 = Debug|Any CPU
		{11025137-3844-4783-992B-D1A1772EB2D7}.Release|Any CPU.ActiveCfg = Release|Any CPU
		{11025137-3844-4783-992B-D1A1772EB2D7}.Release|Any CPU.Build.0 = Release|Any CPU
	EndGlobalSection
	GlobalSection(SolutionProperties) = preSolution
		HideSolutionNode = FALSE
	EndGlobalSection
	GlobalSection(ExtensibilityGlobals) = postSolution
		SolutionGuid = {89E72EBA-C09B-46A2-B762-65EB83A9DC7D}
	EndGlobalSection
EndGlobal
